
Microsoft Visual Studio Solution File, Format Version 12.00
# Visual Studio Version 17
VisualStudioVersion = 17.11.35431.28
MinimumVisualStudioVersion = 10.0.40219.1
Project("{2150E333-8FDC-42A3-9474-1A3956D46DE8}") = "Presentation", "Presentation", "{70A6B82A-D02C-4BD6-B26C-87B2B1CA50DA}"
EndProject
Project("{2150E333-8FDC-42A3-9474-1A3956D46DE8}") = "Common", "Common", "{1D2EC22A-E526-428E-BA5F-C2F979F3EE07}"
EndProject
Project("{2150E333-8FDC-42A3-9474-1A3956D46DE8}") = "Data", "Data", "{224633BF-49EB-4A3A-AC0C-132C2817C8C5}"
EndProject
Project("{9A19103F-16F7-4668-BE54-9A1E7A4F7556}") = "CompanyDirectory.Data", "Data\CompanyDirectory.Data.csproj", "{FE2951CE-8358-49D3-8421-F0FD07B371A8}"
EndProject
Project("{9A19103F-16F7-4668-BE54-9A1E7A4F7556}") = "CompanyDirectory.Presentation", "Presentation\CompanyDirectory.Presentation.csproj", "{0D86046E-91EA-4039-ACAA-990A48688F7F}"
EndProject
Project("{2150E333-8FDC-42A3-9474-1A3956D46DE8}") = "API", "API", "{1AC74B4A-84C7-459D-AF43-CFF2E1BB66FB}"
EndProject
Project("{9A19103F-16F7-4668-BE54-9A1E7A4F7556}") = "CompanyDirectory.API", "API\CompanyDirectory.API.csproj", "{B2018A4F-18E2-4C1B-BE80-DF59EE07E83E}"
EndProject
Project("{9A19103F-16F7-4668-BE54-9A1E7A4F7556}") = "CompanyDirectory.APITests", "APITests\CompanyDirectory.APITests.csproj", "{B216B7D9-1526-4A6B-B52F-E441F3A37BDA}"
EndProject
Project("{2150E333-8FDC-42A3-9474-1A3956D46DE8}") = "APITests", "APITests", "{297D3BD5-A5F9-4E55-9ADE-769F41C425BC}"
EndProject
Global
	GlobalSection(SolutionConfigurationPlatforms) = preSolution
		Debug|Any CPU = Debug|Any CPU
		Release|Any CPU = Release|Any CPU
		TestBeforeRun|Any CPU = TestBeforeRun|Any CPU
	EndGlobalSection
	GlobalSection(ProjectConfigurationPlatforms) = postSolution
		{FE2951CE-8358-49D3-8421-F0FD07B371A8}.Debug|Any CPU.ActiveCfg = Debug|Any CPU
		{FE2951CE-8358-49D3-8421-F0FD07B371A8}.Debug|Any CPU.Build.0 = Debug|Any CPU
		{FE2951CE-8358-49D3-8421-F0FD07B371A8}.Release|Any CPU.ActiveCfg = Release|Any CPU
		{FE2951CE-8358-49D3-8421-F0FD07B371A8}.Release|Any CPU.Build.0 = Release|Any CPU
		{FE2951CE-8358-49D3-8421-F0FD07B371A8}.TestBeforeRun|Any CPU.ActiveCfg = TestBeforeRun|Any CPU
		{FE2951CE-8358-49D3-8421-F0FD07B371A8}.TestBeforeRun|Any CPU.Build.0 = TestBeforeRun|Any CPU
		{0D86046E-91EA-4039-ACAA-990A48688F7F}.Debug|Any CPU.ActiveCfg = Debug|Any CPU
		{0D86046E-91EA-4039-ACAA-990A48688F7F}.Debug|Any CPU.Build.0 = Debug|Any CPU
		{0D86046E-91EA-4039-ACAA-990A48688F7F}.Debug|Any CPU.Deploy.0 = Debug|Any CPU
		{0D86046E-91EA-4039-ACAA-990A48688F7F}.Release|Any CPU.ActiveCfg = Release|Any CPU
		{0D86046E-91EA-4039-ACAA-990A48688F7F}.Release|Any CPU.Build.0 = Release|Any CPU
		{0D86046E-91EA-4039-ACAA-990A48688F7F}.Release|Any CPU.Deploy.0 = Release|Any CPU
		{0D86046E-91EA-4039-ACAA-990A48688F7F}.TestBeforeRun|Any CPU.ActiveCfg = TestBeforeRun|Any CPU
		{0D86046E-91EA-4039-ACAA-990A48688F7F}.TestBeforeRun|Any CPU.Build.0 = TestBeforeRun|Any CPU
		{0D86046E-91EA-4039-ACAA-990A48688F7F}.TestBeforeRun|Any CPU.Deploy.0 = TestBeforeRun|Any CPU
		{B2018A4F-18E2-4C1B-BE80-DF59EE07E83E}.Debug|Any CPU.ActiveCfg = Debug|Any CPU
		{B2018A4F-18E2-4C1B-BE80-DF59EE07E83E}.Debug|Any CPU.Build.0 = Debug|Any CPU
		{B2018A4F-18E2-4C1B-BE80-DF59EE07E83E}.Release|Any CPU.ActiveCfg = Release|Any CPU
		{B2018A4F-18E2-4C1B-BE80-DF59EE07E83E}.Release|Any CPU.Build.0 = Release|Any CPU
		{B2018A4F-18E2-4C1B-BE80-DF59EE07E83E}.TestBeforeRun|Any CPU.ActiveCfg = Release|Any CPU
		{B2018A4F-18E2-4C1B-BE80-DF59EE07E83E}.TestBeforeRun|Any CPU.Build.0 = Release|Any CPU
		{B216B7D9-1526-4A6B-B52F-E441F3A37BDA}.Debug|Any CPU.ActiveCfg = Debug|Any CPU
		{B216B7D9-1526-4A6B-B52F-E441F3A37BDA}.Debug|Any CPU.Build.0 = Debug|Any CPU
		{B216B7D9-1526-4A6B-B52F-E441F3A37BDA}.Release|Any CPU.ActiveCfg = Release|Any CPU
		{B216B7D9-1526-4A6B-B52F-E441F3A37BDA}.Release|Any CPU.Build.0 = Release|Any CPU
		{B216B7D9-1526-4A6B-B52F-E441F3A37BDA}.TestBeforeRun|Any CPU.ActiveCfg = Debug|Any CPU
		{B216B7D9-1526-4A6B-B52F-E441F3A37BDA}.TestBeforeRun|Any CPU.Build.0 = Debug|Any CPU
	EndGlobalSection
	GlobalSection(SolutionProperties) = preSolution
		HideSolutionNode = FALSE
	EndGlobalSection
	GlobalSection(NestedProjects) = preSolution
		{FE2951CE-8358-49D3-8421-F0FD07B371A8} = {224633BF-49EB-4A3A-AC0C-132C2817C8C5}
		{0D86046E-91EA-4039-ACAA-990A48688F7F} = {70A6B82A-D02C-4BD6-B26C-87B2B1CA50DA}
		{B2018A4F-18E2-4C1B-BE80-DF59EE07E83E} = {1AC74B4A-84C7-459D-AF43-CFF2E1BB66FB}
		{B216B7D9-1526-4A6B-B52F-E441F3A37BDA} = {297D3BD5-A5F9-4E55-9ADE-769F41C425BC}
	EndGlobalSection
	GlobalSection(ExtensibilityGlobals) = postSolution
		SolutionGuid = {A2E79C59-DB28-4C0E-A1BD-F23057C2ECAB}
	EndGlobalSection
EndGlobal
